// !$*UTF8*$!
{
	archiveVersion = 1;
	classes = {
	};
	objectVersion = 50;
	objects = {

/* Begin PBXBuildFile section */
		61ACCD2D241E6CE3003F06BC /* AppDelegate.swift in Sources */ = {isa = PBXBuildFile; fileRef = 61ACCD2C241E6CE3003F06BC /* AppDelegate.swift */; };
		61ACCD2F241E6CE3003F06BC /* SceneDelegate.swift in Sources */ = {isa = PBXBuildFile; fileRef = 61ACCD2E241E6CE3003F06BC /* SceneDelegate.swift */; };
		61ACCD31241E6CE3003F06BC /* ViewController.swift in Sources */ = {isa = PBXBuildFile; fileRef = 61ACCD30241E6CE3003F06BC /* ViewController.swift */; };
		61ACCD34241E6CE3003F06BC /* Main.storyboard in Resources */ = {isa = PBXBuildFile; fileRef = 61ACCD32241E6CE3003F06BC /* Main.storyboard */; };
		61ACCD36241E6CE4003F06BC /* Assets.xcassets in Resources */ = {isa = PBXBuildFile; fileRef = 61ACCD35241E6CE4003F06BC /* Assets.xcassets */; };
		61ACCD39241E6CE4003F06BC /* LaunchScreen.storyboard in Resources */ = {isa = PBXBuildFile; fileRef = 61ACCD37241E6CE4003F06BC /* LaunchScreen.storyboard */; };
/* End PBXBuildFile section */

/* Begin PBXFileReference section */
		61ACCD29241E6CE3003F06BC /* store-guide_UI.app */ = {isa = PBXFileReference; explicitFileType = wrapper.application; includeInIndex = 0; path = "store-guide_UI.app"; sourceTree = BUILT_PRODUCTS_DIR; };
		61ACCD2C241E6CE3003F06BC /* AppDelegate.swift */ = {isa = PBXFileReference; lastKnownFileType = sourcecode.swift; path = AppDelegate.swift; sourceTree = "<group>"; };
		61ACCD2E241E6CE3003F06BC /* SceneDelegate.swift */ = {isa = PBXFileReference; lastKnownFileType = sourcecode.swift; path = SceneDelegate.swift; sourceTree = "<group>"; };
		61ACCD30241E6CE3003F06BC /* ViewController.swift */ = {isa = PBXFileReference; lastKnownFileType = sourcecode.swift; path = ViewController.swift; sourceTree = "<group>"; };
		61ACCD33241E6CE3003F06BC /* Base */ = {isa = PBXFileReference; lastKnownFileType = file.storyboard; name = Base; path = Base.lproj/Main.storyboard; sourceTree = "<group>"; };
		61ACCD35241E6CE4003F06BC /* Assets.xcassets */ = {isa = PBXFileReference; lastKnownFileType = folder.assetcatalog; path = Assets.xcassets; sourceTree = "<group>"; };
		61ACCD38241E6CE4003F06BC /* Base */ = {isa = PBXFileReference; lastKnownFileType = file.storyboard; name = Base; path = Base.lproj/LaunchScreen.storyboard; sourceTree = "<group>"; };
		61ACCD3A241E6CE4003F06BC /* Info.plist */ = {isa = PBXFileReference; lastKnownFileType = text.plist.xml; path = Info.plist; sourceTree = "<group>"; };
/* End PBXFileReference section */

/* Begin PBXFrameworksBuildPhase section */
		61ACCD26241E6CE3003F06BC /* Frameworks */ = {
			isa = PBXFrameworksBuildPhase;
			buildActionMask = 2147483647;
			files = (
			);
			runOnlyForDeploymentPostprocessing = 0;
		};
/* End PBXFrameworksBuildPhase section */

/* Begin PBXGroup section */
		61ACCD20241E6CE2003F06BC = {
			isa = PBXGroup;
			children = (
				61ACCD2B241E6CE3003F06BC /* store-guide_UI */,
				61ACCD2A241E6CE3003F06BC /* Products */,
			);
			sourceTree = "<group>";
		};
		61ACCD2A241E6CE3003F06BC /* Products */ = {
			isa = PBXGroup;
			children = (
				61ACCD29241E6CE3003F06BC /* store-guide_UI.app */,
			);
			name = Products;
			sourceTree = "<group>";
		};
		61ACCD2B241E6CE3003F06BC /* store-guide_UI */ = {
			isa = PBXGroup;
			children = (
				61ACCD2C241E6CE3003F06BC /* AppDelegate.swift */,
				61ACCD2E241E6CE3003F06BC /* SceneDelegate.swift */,
				61ACCD30241E6CE3003F06BC /* ViewController.swift */,
				61ACCD32241E6CE3003F06BC /* Main.storyboard */,
				61ACCD35241E6CE4003F06BC /* Assets.xcassets */,
				61ACCD37241E6CE4003F06BC /* LaunchScreen.storyboard */,
				61ACCD3A241E6CE4003F06BC /* Info.plist */,
			);
			path = "store-guide_UI";
			sourceTree = "<group>";
		};
/* End PBXGroup section */

/* Begin PBXNativeTarget section */
		61ACCD28241E6CE3003F06BC /* store-guide_UI */ = {
			isa = PBXNativeTarget;
			buildConfigurationList = 61ACCD3D241E6CE4003F06BC /* Build configuration list for PBXNativeTarget "store-guide_UI" */;
			buildPhases = (
				61ACCD25241E6CE3003F06BC /* Sources */,
				61ACCD26241E6CE3003F06BC /* Frameworks */,
				61ACCD27241E6CE3003F06BC /* Resources */,
			);
			buildRules = (
			);
			dependencies = (
			);
			name = "store-guide_UI";
			productName = "store-guide_UI";
			productReference = 61ACCD29241E6CE3003F06BC /* store-guide_UI.app */;
			productType = "com.apple.product-type.application";
		};
/* End PBXNativeTarget section */

/* Begin PBXProject section */
		61ACCD21241E6CE2003F06BC /* Project object */ = {
			isa = PBXProject;
			attributes = {
				LastSwiftUpdateCheck = 1130;
				LastUpgradeCheck = 1130;
				ORGANIZATIONNAME = Test;
				TargetAttributes = {
					61ACCD28241E6CE3003F06BC = {
						CreatedOnToolsVersion = 11.3.1;
					};
				};
			};
			buildConfigurationList = 61ACCD24241E6CE2003F06BC /* Build configuration list for PBXProject "store-guide_UI" */;
			compatibilityVersion = "Xcode 9.3";
			developmentRegion = en;
			hasScannedForEncodings = 0;
			knownRegions = (
				en,
				Base,
			);
			mainGroup = 61ACCD20241E6CE2003F06BC;
			productRefGroup = 61ACCD2A241E6CE3003F06BC /* Products */;
			projectDirPath = "";
			projectRoot = "";
			targets = (
				61ACCD28241E6CE3003F06BC /* store-guide_UI */,
			);
		};
/* End PBXProject section */

/* Begin PBXResourcesBuildPhase section */
		61ACCD27241E6CE3003F06BC /* Resources */ = {
			isa = PBXResourcesBuildPhase;
			buildActionMask = 2147483647;
			files = (
				61ACCD39241E6CE4003F06BC /* LaunchScreen.storyboard in Resources */,
				61ACCD36241E6CE4003F06BC /* Assets.xcassets in Resources */,
				61ACCD34241E6CE3003F06BC /* Main.storyboard in Resources */,
			);
			runOnlyForDeploymentPostprocessing = 0;
		};
/* End PBXResourcesBuildPhase section */

/* Begin PBXSourcesBuildPhase section */
		61ACCD25241E6CE3003F06BC /* Sources */ = {
			isa = PBXSourcesBuildPhase;
			buildActionMask = 2147483647;
			files = (
				61ACCD31241E6CE3003F06BC /* ViewController.swift in Sources */,
				61ACCD2D241E6CE3003F06BC /* AppDelegate.swift in Sources */,
				61ACCD2F241E6CE3003F06BC /* SceneDelegate.swift in Sources */,
			);
			runOnlyForDeploymentPostprocessing = 0;
		};
/* End PBXSourcesBuildPhase section */

/* Begin PBXVariantGroup section */
		61ACCD32241E6CE3003F06BC /* Main.storyboard */ = {
			isa = PBXVariantGroup;
			children = (
				61ACCD33241E6CE3003F06BC /* Base */,
			);
			name = Main.storyboard;
			sourceTree = "<group>";
		};
		61ACCD37241E6CE4003F06BC /* LaunchScreen.storyboard */ = {
			isa = PBXVariantGroup;
			children = (
				61ACCD38241E6CE4003F06BC /* Base */,
			);
			name = LaunchScreen.storyboard;
			sourceTree = "<group>";
		};
/* End PBXVariantGroup section */

/* Begin XCBuildConfiguration section */
		61ACCD3B241E6CE4003F06BC /* Debug */ = {
			isa = XCBuildConfiguration;
			buildSettings = {
				ALWAYS_SEARCH_USER_PATHS = NO;
				CLANG_ANALYZER_NONNULL = YES;
				CLANG_ANALYZER_NUMBER_OBJECT_CONVERSION = YES_AGGRESSIVE;
				CLANG_CXX_LANGUAGE_STANDARD = "gnu++14";
				CLANG_CXX_LIBRARY = "libc++";
				CLANG_ENABLE_MODULES = YES;
				CLANG_ENABLE_OBJC_ARC = YES;
				CLANG_ENABLE_OBJC_WEAK = YES;
				CLANG_WARN_BLOCK_CAPTURE_AUTORELEASING = YES;
				CLANG_WARN_BOOL_CONVERSION = YES;
				CLANG_WARN_COMMA = YES;
				CLANG_WARN_CONSTANT_CONVERSION = YES;
				CLANG_WARN_DEPRECATED_OBJC_IMPLEMENTATIONS = YES;
				CLANG_WARN_DIRECT_OBJC_ISA_USAGE = YES_ERROR;
				CLANG_WARN_DOCUMENTATION_COMMENTS = YES;
				CLANG_WARN_EMPTY_BODY = YES;
				CLANG_WARN_ENUM_CONVERSION = YES;
				CLANG_WARN_INFINITE_RECURSION = YES;
				CLANG_WARN_INT_CONVERSION = YES;
				CLANG_WARN_NON_LITERAL_NULL_CONVERSION = YES;
				CLANG_WARN_OBJC_IMPLICIT_RETAIN_SELF = YES;
				CLANG_WARN_OBJC_LITERAL_CONVERSION = YES;
				CLANG_WARN_OBJC_ROOT_CLASS = YES_ERROR;
				CLANG_WARN_RANGE_LOOP_ANALYSIS = YES;
				CLANG_WARN_STRICT_PROTOTYPES = YES;
				CLANG_WARN_SUSPICIOUS_MOVE = YES;
				CLANG_WARN_UNGUARDED_AVAILABILITY = YES_AGGRESSIVE;
				CLANG_WARN_UNREACHABLE_CODE = YES;
				CLANG_WARN__DUPLICATE_METHOD_MATCH = YES;
				COPY_PHASE_STRIP = NO;
				DEBUG_INFORMATION_FORMAT = dwarf;
				ENABLE_STRICT_OBJC_MSGSEND = YES;
				ENABLE_TESTABILITY = YES;
				GCC_C_LANGUAGE_STANDARD = gnu11;
				GCC_DYNAMIC_NO_PIC = NO;
				GCC_NO_COMMON_BLOCKS = YES;
				GCC_OPTIMIZATION_LEVEL = 0;
				GCC_PREPROCESSOR_DEFINITIONS = (
					"DEBUG=1",
					"$(inherited)",
				);
				GCC_WARN_64_TO_32_BIT_CONVERSION = YES;
				GCC_WARN_ABOUT_RETURN_TYPE = YES_ERROR;
				GCC_WARN_UNDECLARED_SELECTOR = YES;
				GCC_WARN_UNINITIALIZED_AUTOS = YES_AGGRESSIVE;
				GCC_WARN_UNUSED_FUNCTION = YES;
				GCC_WARN_UNUSED_VARIABLE = YES;
				IPHONEOS_DEPLOYMENT_TARGET = 13.2;
				MTL_ENABLE_DEBUG_INFO = INCLUDE_SOURCE;
				MTL_FAST_MATH = YES;
				ONLY_ACTIVE_ARCH = YES;
				SDKROOT = iphoneos;
				SWIFT_ACTIVE_COMPILATION_CONDITIONS = DEBUG;
				SWIFT_OPTIMIZATION_LEVEL = "-Onone";
			};
			name = Debug;
		};
		61ACCD3C241E6CE4003F06BC /* Release */ = {
			isa = XCBuildConfiguration;
			buildSettings = {
				ALWAYS_SEARCH_USER_PATHS = NO;
				CLANG_ANALYZER_NONNULL = YES;
				CLANG_ANALYZER_NUMBER_OBJECT_CONVERSION = YES_AGGRESSIVE;
				CLANG_CXX_LANGUAGE_STANDARD = "gnu++14";
				CLANG_CXX_LIBRARY = "libc++";
				CLANG_ENABLE_MODULES = YES;
				CLANG_ENABLE_OBJC_ARC = YES;
				CLANG_ENABLE_OBJC_WEAK = YES;
				CLANG_WARN_BLOCK_CAPTURE_AUTORELEASING = YES;
				CLANG_WARN_BOOL_CONVERSION = YES;
				CLANG_WARN_COMMA = YES;
				CLANG_WARN_CONSTANT_CONVERSION = YES;
				CLANG_WARN_DEPRECATED_OBJC_IMPLEMENTATIONS = YES;
				CLANG_WARN_DIRECT_OBJC_ISA_USAGE = YES_ERROR;
				CLANG_WARN_DOCUMENTATION_COMMENTS = YES;
				CLANG_WARN_EMPTY_BODY = YES;
				CLANG_WARN_ENUM_CONVERSION = YES;
				CLANG_WARN_INFINITE_RECURSION = YES;
				CLANG_WARN_INT_CONVERSION = YES;
				CLANG_WARN_NON_LITERAL_NULL_CONVERSION = YES;
				CLANG_WARN_OBJC_IMPLICIT_RETAIN_SELF = YES;
				CLANG_WARN_OBJC_LITERAL_CONVERSION = YES;
				CLANG_WARN_OBJC_ROOT_CLASS = YES_ERROR;
				CLANG_WARN_RANGE_LOOP_ANALYSIS = YES;
				CLANG_WARN_STRICT_PROTOTYPES = YES;
				CLANG_WARN_SUSPICIOUS_MOVE = YES;
				CLANG_WARN_UNGUARDED_AVAILABILITY = YES_AGGRESSIVE;
				CLANG_WARN_UNREACHABLE_CODE = YES;
				CLANG_WARN__DUPLICATE_METHOD_MATCH = YES;
				COPY_PHASE_STRIP = NO;
				DEBUG_INFORMATION_FORMAT = "dwarf-with-dsym";
				ENABLE_NS_ASSERTIONS = NO;
				ENABLE_STRICT_OBJC_MSGSEND = YES;
				GCC_C_LANGUAGE_STANDARD = gnu11;
				GCC_NO_COMMON_BLOCKS = YES;
				GCC_WARN_64_TO_32_BIT_CONVERSION = YES;
				GCC_WARN_ABOUT_RETURN_TYPE = YES_ERROR;
				GCC_WARN_UNDECLARED_SELECTOR = YES;
				GCC_WARN_UNINITIALIZED_AUTOS = YES_AGGRESSIVE;
				GCC_WARN_UNUSED_FUNCTION = YES;
				GCC_WARN_UNUSED_VARIABLE = YES;
				IPHONEOS_DEPLOYMENT_TARGET = 13.2;
				MTL_ENABLE_DEBUG_INFO = NO;
				MTL_FAST_MATH = YES;
				SDKROOT = iphoneos;
				SWIFT_COMPILATION_MODE = wholemodule;
				SWIFT_OPTIMIZATION_LEVEL = "-O";
				VALIDATE_PRODUCT = YES;
			};
			name = Release;
		};
		61ACCD3E241E6CE4003F06BC /* Debug */ = {
			isa = XCBuildConfiguration;
			buildSettings = {
				ASSETCATALOG_COMPILER_APPICON_NAME = AppIcon;
				CODE_SIGN_STYLE = Automatic;
				INFOPLIST_FILE = "store-guide_UI/Info.plist";
				LD_RUNPATH_SEARCH_PATHS = (
					"$(inherited)",
					"@executable_path/Frameworks",
				);
				PRODUCT_BUNDLE_IDENTIFIER = "Test.store-guide-UI";
				PRODUCT_NAME = "$(TARGET_NAME)";
				SWIFT_VERSION = 5.0;
				TARGETED_DEVICE_FAMILY = "1,2";
			};
			name = Debug;
		};
		61ACCD3F241E6CE4003F06BC /* Release */ = {
			isa = XCBuildConfiguration;
			buildSettings = {
				ASSETCATALOG_COMPILER_APPICON_NAME = AppIcon;
				CODE_SIGN_STYLE = Automatic;
				INFOPLIST_FILE = "store-guide_UI/Info.plist";
				LD_RUNPATH_SEARCH_PATHS = (
					"$(inherited)",
					"@executable_path/Frameworks",
				);
				PRODUCT_BUNDLE_IDENTIFIER = "Test.store-guide-UI";
				PRODUCT_NAME = "$(TARGET_NAME)";
				SWIFT_VERSION = 5.0;
				TARGETED_DEVICE_FAMILY = "1,2";
			};
			name = Release;
		};
/* End XCBuildConfiguration section */

/* Begin XCConfigurationList section */
		61ACCD24241E6CE2003F06BC /* Build configuration list for PBXProject "store-guide_UI" */ = {
			isa = XCConfigurationList;
			buildConfigurations = (
				61ACCD3B241E6CE4003F06BC /* Debug */,
				61ACCD3C241E6CE4003F06BC /* Release */,
			);
			defaultConfigurationIsVisible = 0;
			defaultConfigurationName = Release;
		};
		61ACCD3D241E6CE4003F06BC /* Build configuration list for PBXNativeTarget "store-guide_UI" */ = {
			isa = XCConfigurationList;
			buildConfigurations = (
				61ACCD3E241E6CE4003F06BC /* Debug */,
				61ACCD3F241E6CE4003F06BC /* Release */,
			);
			defaultConfigurationIsVisible = 0;
			defaultConfigurationName = Release;
		};
/* End XCConfigurationList section */
	};
	rootObject = 61ACCD21241E6CE2003F06BC /* Project object */;
}
